<?xml version="1.0" encoding="UTF-8" standalone="yes" ?>
<CodeBlocks_project_file>
	<FileVersion major="1" minor="6" />
	<Project>
		<Option title="Zombie Aftermath" />
		<Option pch_mode="2" />
		<Option compiler="gcc" />
		<Build>
			<Target title="Debug">
				<Option output="bin/Debug/Zombie Aftermath" prefix_auto="1" extension_auto="1" />
				<Option object_output="obj/Debug/" />
				<Option type="1" />
				<Option compiler="gcc" />
				<Compiler>
					<Add option="-g" />
				</Compiler>
				<Linker>
					<Add library="sfml-graphics-d" />
					<Add library="sfml-window-d" />
					<Add library="sfml-system-d" />
					<Add library="sfml-audio-d" />
				</Linker>
			</Target>
			<Target title="Release">
				<Option output="bin/Release/Zombie Aftermath" prefix_auto="1" extension_auto="1" />
				<Option object_output="obj/Release/" />
				<Option type="1" />
				<Option compiler="gcc" />
				<Compiler>
					<Add option="-O2" />
				</Compiler>
				<Linker>
					<Add option="-s" />
					<Add library="sfml-graphics" />
					<Add library="sfml-window" />
					<Add library="sfml-system" />
					<Add library="sfml-audio" />
				</Linker>
			</Target>
		</Build>
		<Compiler>
			<Add option="-std=c++11" />
			<Add option="-Wall" />
			<Add option="-fexceptions" />
			<Add directory="/home/nickan/SFML2/include" />
			<Add directory="include" />
			<Add directory="include/framework" />
			<Add directory="include/gamescreen" />
			<Add directory="include/menuscreen" />
			<Add directory="include/model" />
			<Add directory="include/framework/tiledmap" />
			<Add directory="include/framework/finitestatemachine" />
			<Add directory="include/framework/finitestatemachine/messagingsystem" />
			<Add directory="include/framework/pathfinder" />
			<Add directory="include/model/cannonstate" />
			<Add directory="include/framework/math" />
		</Compiler>
		<Linker>
			<Add directory="/home/nickan/SFML2/lib" />
		</Linker>
		<Unit filename="include/ScoreHandler.h" />
		<Unit filename="include/Settings.h" />
		<Unit filename="include/ZombieAftermath.h" />
		<Unit filename="include/framework/Animation.h" />
		<Unit filename="include/framework/Game.h" />
		<Unit filename="include/framework/GameAudio.h" />
		<Unit filename="include/framework/GameSprite.h" />
		<Unit filename="include/framework/Input.h" />
		<Unit filename="include/framework/RotationManager.h" />
		<Unit filename="include/framework/Screen.h" />
		<Unit filename="include/framework/TextureAtlas.h" />
		<Unit filename="include/framework/Timer.h" />
		<Unit filename="include/framework/finitestatemachine/BaseEntity.h" />
		<Unit filename="include/framework/finitestatemachine/EntityManager.h" />
		<Unit filename="include/framework/finitestatemachine/State.h" />
		<Unit filename="include/framework/finitestatemachine/StateMachine.h" />
		<Unit filename="include/framework/finitestatemachine/messagingsystem/Message.h" />
		<Unit filename="include/framework/finitestatemachine/messagingsystem/MessageDispatcher.h" />
		<Unit filename="include/framework/math/Vec2.h" />
		<Unit filename="include/framework/pathfinder/AStarPathfinder.h" />
		<Unit filename="include/framework/pathfinder/Node.h" />
		<Unit filename="include/framework/tiledmap/Cell.h" />
		<Unit filename="include/framework/tiledmap/TiledMap.h" />
		<Unit filename="include/gamescreen/GameScreen.h" />
		<Unit filename="include/gamescreen/GameScreenController.h" />
		<Unit filename="include/gamescreen/GameScreenRenderer.h" />
		<Unit filename="include/gamescreen/GameScreenUpdate.h" />
		<Unit filename="include/gamescreen/TileInfo.h" />
		<Unit filename="include/menuscreen/MenuScreen.h" />
		<Unit filename="include/menuscreen/MenuScreenInput.h" />
		<Unit filename="include/model/Bullet.h" />
		<Unit filename="include/model/Cannon.h" />
		<Unit filename="include/model/Entity.h" />
		<Unit filename="include/model/ModelGCTimer.h" />
		<Unit filename="include/model/Zombie.h" />
		<Unit filename="include/model/cannonstate/CannonAttackState.h" />
		<Unit filename="include/model/cannonstate/CannonIdleState.h" />
		<Unit filename="main.cpp" />
		<Unit filename="src/ScoreHandler.cpp" />
		<Unit filename="src/Settings.cpp" />
		<Unit filename="src/ZombieAftermath.cpp" />
		<Unit filename="src/framework/Animation.cpp" />
		<Unit filename="src/framework/Game.cpp" />
		<Unit filename="src/framework/GameAudio.cpp" />
		<Unit filename="src/framework/GameSprite.cpp" />
		<Unit filename="src/framework/Input.cpp" />
		<Unit filename="src/framework/RotationManager.cpp" />
		<Unit filename="src/framework/Screen.cpp" />
		<Unit filename="src/framework/TextureAtlas.cpp" />
		<Unit filename="src/framework/Timer.cpp" />
		<Unit filename="src/framework/finitestatemachine/BaseEntity.cpp" />
		<Unit filename="src/framework/finitestatemachine/EntityManager.cpp" />
		<Unit filename="src/framework/finitestatemachine/State.cpp" />
		<Unit filename="src/framework/finitestatemachine/StateMachine.cpp" />
		<Unit filename="src/framework/finitestatemachine/messagingsystem/Message.cpp" />
		<Unit filename="src/framework/finitestatemachine/messagingsystem/MessageDispatcher.cpp" />
		<Unit filename="src/framework/math/Vec2.cpp" />
		<Unit filename="src/framework/pathfinder/AStarPathfinder.cpp" />
		<Unit filename="src/framework/pathfinder/Node.cpp" />
		<Unit filename="src/framework/tiledmap/Cell.cpp" />
		<Unit filename="src/framework/tiledmap/TiledMap.cpp" />
		<Unit filename="src/gamescreen/GameScreen.cpp" />
		<Unit filename="src/gamescreen/GameScreenController.cpp" />
		<Unit filename="src/gamescreen/GameScreenRenderer.cpp" />
		<Unit filename="src/gamescreen/GameScreenUpdate.cpp" />
		<Unit filename="src/gamescreen/TileInfo.cpp" />
		<Unit filename="src/menuscreen/MenuScreen.cpp" />
		<Unit filename="src/menuscreen/MenuScreenInput.cpp" />
		<Unit filename="src/model/Bullet.cpp" />
		<Unit filename="src/model/Cannon.cpp" />
		<Unit filename="src/model/Entity.cpp" />
		<Unit filename="src/model/ModelGCTimer.cpp" />
		<Unit filename="src/model/Zombie.cpp" />
		<Unit filename="src/model/cannonstate/CannonAttackState.cpp" />
		<Unit filename="src/model/cannonstate/CannonIdleState.cpp" />
		<Extensions>
			<code_completion />
			<debugger />
		</Extensions>
	</Project>
</CodeBlocks_project_file>
